// !$*UTF8*$!
{
	archiveVersion = 1;
	classes = {
	};
	objectVersion = 46;
	objects = {

/* Begin PBXBuildFile section */
		B07D745A1DDE565600ADCCC1 /* main.m in Sources */ = {isa = PBXBuildFile; fileRef = B07D74591DDE565600ADCCC1 /* main.m */; };
		B07D745D1DDE565600ADCCC1 /* AppDelegate.m in Sources */ = {isa = PBXBuildFile; fileRef = B07D745C1DDE565600ADCCC1 /* AppDelegate.m */; };
		B07D74631DDE565600ADCCC1 /* Main.storyboard in Resources */ = {isa = PBXBuildFile; fileRef = B07D74611DDE565600ADCCC1 /* Main.storyboard */; };
		B07D74651DDE565600ADCCC1 /* Assets.xcassets in Resources */ = {isa = PBXBuildFile; fileRef = B07D74641DDE565600ADCCC1 /* Assets.xcassets */; };
		B07D74681DDE565600ADCCC1 /* LaunchScreen.storyboard in Resources */ = {isa = PBXBuildFile; fileRef = B07D74661DDE565600ADCCC1 /* LaunchScreen.storyboard */; };
		B07D74751DDE57B800ADCCC1 /* FlowCollectionViewController.m in Sources */ = {isa = PBXBuildFile; fileRef = B07D74741DDE57B800ADCCC1 /* FlowCollectionViewController.m */; };
		B07D74781DDE589800ADCCC1 /* CoverFlowLayout.m in Sources */ = {isa = PBXBuildFile; fileRef = B07D74771DDE589800ADCCC1 /* CoverFlowLayout.m */; };
		B07D747B1DDE5FFB00ADCCC1 /* ImageCollectionViewCell.m in Sources */ = {isa = PBXBuildFile; fileRef = B07D747A1DDE5FFB00ADCCC1 /* ImageCollectionViewCell.m */; };
		B07D747D1DDE814A00ADCCC1 /* Notes.txt in Resources */ = {isa = PBXBuildFile; fileRef = B07D747C1DDE814A00ADCCC1 /* Notes.txt */; };
/* End PBXBuildFile section */

/* Begin PBXFileReference section */
		B07D74551DDE565600ADCCC1 /* CoverFlowLayout.app */ = {isa = PBXFileReference; explicitFileType = wrapper.application; includeInIndex = 0; path = CoverFlowLayout.app; sourceTree = BUILT_PRODUCTS_DIR; };
		B07D74591DDE565600ADCCC1 /* main.m */ = {isa = PBXFileReference; lastKnownFileType = sourcecode.c.objc; path = main.m; sourceTree = "<group>"; };
		B07D745B1DDE565600ADCCC1 /* AppDelegate.h */ = {isa = PBXFileReference; lastKnownFileType = sourcecode.c.h; path = AppDelegate.h; sourceTree = "<group>"; };
		B07D745C1DDE565600ADCCC1 /* AppDelegate.m */ = {isa = PBXFileReference; lastKnownFileType = sourcecode.c.objc; path = AppDelegate.m; sourceTree = "<group>"; };
		B07D74621DDE565600ADCCC1 /* Base */ = {isa = PBXFileReference; lastKnownFileType = file.storyboard; name = Base; path = Base.lproj/Main.storyboard; sourceTree = "<group>"; };
		B07D74641DDE565600ADCCC1 /* Assets.xcassets */ = {isa = PBXFileReference; lastKnownFileType = folder.assetcatalog; path = Assets.xcassets; sourceTree = "<group>"; };
		B07D74671DDE565600ADCCC1 /* Base */ = {isa = PBXFileReference; lastKnownFileType = file.storyboard; name = Base; path = Base.lproj/LaunchScreen.storyboard; sourceTree = "<group>"; };
		B07D74691DDE565600ADCCC1 /* Info.plist */ = {isa = PBXFileReference; lastKnownFileType = text.plist.xml; path = Info.plist; sourceTree = "<group>"; };
		B07D74731DDE57B800ADCCC1 /* FlowCollectionViewController.h */ = {isa = PBXFileReference; fileEncoding = 4; lastKnownFileType = sourcecode.c.h; path = FlowCollectionViewController.h; sourceTree = "<group>"; };
		B07D74741DDE57B800ADCCC1 /* FlowCollectionViewController.m */ = {isa = PBXFileReference; fileEncoding = 4; lastKnownFileType = sourcecode.c.objc; path = FlowCollectionViewController.m; sourceTree = "<group>"; };
		B07D74761DDE589800ADCCC1 /* CoverFlowLayout.h */ = {isa = PBXFileReference; fileEncoding = 4; lastKnownFileType = sourcecode.c.h; path = CoverFlowLayout.h; sourceTree = "<group>"; };
		B07D74771DDE589800ADCCC1 /* CoverFlowLayout.m */ = {isa = PBXFileReference; fileEncoding = 4; lastKnownFileType = sourcecode.c.objc; path = CoverFlowLayout.m; sourceTree = "<group>"; };
		B07D74791DDE5FFB00ADCCC1 /* ImageCollectionViewCell.h */ = {isa = PBXFileReference; fileEncoding = 4; lastKnownFileType = sourcecode.c.h; path = ImageCollectionViewCell.h; sourceTree = "<group>"; };
		B07D747A1DDE5FFB00ADCCC1 /* ImageCollectionViewCell.m */ = {isa = PBXFileReference; fileEncoding = 4; lastKnownFileType = sourcecode.c.objc; path = ImageCollectionViewCell.m; sourceTree = "<group>"; };
		B07D747C1DDE814A00ADCCC1 /* Notes.txt */ = {isa = PBXFileReference; fileEncoding = 4; lastKnownFileType = text; path = Notes.txt; sourceTree = "<group>"; };
/* End PBXFileReference section */

/* Begin PBXFrameworksBuildPhase section */
		B07D74521DDE565600ADCCC1 /* Frameworks */ = {
			isa = PBXFrameworksBuildPhase;
			buildActionMask = 2147483647;
			files = (
			);
			runOnlyForDeploymentPostprocessing = 0;
		};
/* End PBXFrameworksBuildPhase section */

/* Begin PBXGroup section */
		B07D744C1DDE565600ADCCC1 = {
			isa = PBXGroup;
			children = (
				B07D74571DDE565600ADCCC1 /* CoverFlowLayout */,
				B07D74561DDE565600ADCCC1 /* Products */,
			);
			sourceTree = "<group>";
		};
		B07D74561DDE565600ADCCC1 /* Products */ = {
			isa = PBXGroup;
			children = (
				B07D74551DDE565600ADCCC1 /* CoverFlowLayout.app */,
			);
			name = Products;
			sourceTree = "<group>";
		};
		B07D74571DDE565600ADCCC1 /* CoverFlowLayout */ = {
			isa = PBXGroup;
			children = (
				B07D74721DDE566E00ADCCC1 /* Model */,
				B07D74711DDE566500ADCCC1 /* Controller */,
				B07D74701DDE566000ADCCC1 /* View */,
				B07D746F1DDE565B00ADCCC1 /* UI */,
				B07D74641DDE565600ADCCC1 /* Assets.xcassets */,
				B07D74691DDE565600ADCCC1 /* Info.plist */,
				B07D74581DDE565600ADCCC1 /* Supporting Files */,
				B07D747C1DDE814A00ADCCC1 /* Notes.txt */,
			);
			path = CoverFlowLayout;
			sourceTree = "<group>";
		};
		B07D74581DDE565600ADCCC1 /* Supporting Files */ = {
			isa = PBXGroup;
			children = (
				B07D74591DDE565600ADCCC1 /* main.m */,
			);
			name = "Supporting Files";
			sourceTree = "<group>";
		};
		B07D746F1DDE565B00ADCCC1 /* UI */ = {
			isa = PBXGroup;
			children = (
				B07D74611DDE565600ADCCC1 /* Main.storyboard */,
				B07D74661DDE565600ADCCC1 /* LaunchScreen.storyboard */,
			);
			name = UI;
			sourceTree = "<group>";
		};
		B07D74701DDE566000ADCCC1 /* View */ = {
			isa = PBXGroup;
			children = (
				B07D74761DDE589800ADCCC1 /* CoverFlowLayout.h */,
				B07D74771DDE589800ADCCC1 /* CoverFlowLayout.m */,
				B07D74791DDE5FFB00ADCCC1 /* ImageCollectionViewCell.h */,
				B07D747A1DDE5FFB00ADCCC1 /* ImageCollectionViewCell.m */,
			);
			name = View;
			sourceTree = "<group>";
		};
		B07D74711DDE566500ADCCC1 /* Controller */ = {
			isa = PBXGroup;
			children = (
				B07D74731DDE57B800ADCCC1 /* FlowCollectionViewController.h */,
				B07D74741DDE57B800ADCCC1 /* FlowCollectionViewController.m */,
			);
			name = Controller;
			sourceTree = "<group>";
		};
		B07D74721DDE566E00ADCCC1 /* Model */ = {
			isa = PBXGroup;
			children = (
				B07D745B1DDE565600ADCCC1 /* AppDelegate.h */,
				B07D745C1DDE565600ADCCC1 /* AppDelegate.m */,
			);
			name = Model;
			sourceTree = "<group>";
		};
/* End PBXGroup section */

/* Begin PBXNativeTarget section */
		B07D74541DDE565600ADCCC1 /* CoverFlowLayout */ = {
			isa = PBXNativeTarget;
			buildConfigurationList = B07D746C1DDE565600ADCCC1 /* Build configuration list for PBXNativeTarget "CoverFlowLayout" */;
			buildPhases = (
				B07D74511DDE565600ADCCC1 /* Sources */,
				B07D74521DDE565600ADCCC1 /* Frameworks */,
				B07D74531DDE565600ADCCC1 /* Resources */,
			);
			buildRules = (
			);
			dependencies = (
			);
			name = CoverFlowLayout;
			productName = CoverFlowLayout;
			productReference = B07D74551DDE565600ADCCC1 /* CoverFlowLayout.app */;
			productType = "com.apple.product-type.application";
		};
/* End PBXNativeTarget section */

/* Begin PBXProject section */
		B07D744D1DDE565600ADCCC1 /* Project object */ = {
			isa = PBXProject;
			attributes = {
				LastUpgradeCheck = 0800;
				ORGANIZATIONNAME = "Tim Beals";
				TargetAttributes = {
					B07D74541DDE565600ADCCC1 = {
						CreatedOnToolsVersion = 8.0;
						ProvisioningStyle = Automatic;
					};
				};
			};
			buildConfigurationList = B07D74501DDE565600ADCCC1 /* Build configuration list for PBXProject "CoverFlowLayout" */;
			compatibilityVersion = "Xcode 3.2";
			developmentRegion = English;
			hasScannedForEncodings = 0;
			knownRegions = (
				en,
				Base,
			);
			mainGroup = B07D744C1DDE565600ADCCC1;
			productRefGroup = B07D74561DDE565600ADCCC1 /* Products */;
			projectDirPath = "";
			projectRoot = "";
			targets = (
				B07D74541DDE565600ADCCC1 /* CoverFlowLayout */,
			);
		};
/* End PBXProject section */

/* Begin PBXResourcesBuildPhase section */
		B07D74531DDE565600ADCCC1 /* Resources */ = {
			isa = PBXResourcesBuildPhase;
			buildActionMask = 2147483647;
			files = (
				B07D747D1DDE814A00ADCCC1 /* Notes.txt in Resources */,
				B07D74681DDE565600ADCCC1 /* LaunchScreen.storyboard in Resources */,
				B07D74651DDE565600ADCCC1 /* Assets.xcassets in Resources */,
				B07D74631DDE565600ADCCC1 /* Main.storyboard in Resources */,
			);
			runOnlyForDeploymentPostprocessing = 0;
		};
/* End PBXResourcesBuildPhase section */

/* Begin PBXSourcesBuildPhase section */
		B07D74511DDE565600ADCCC1 /* Sources */ = {
			isa = PBXSourcesBuildPhase;
			buildActionMask = 2147483647;
			files = (
				B07D74751DDE57B800ADCCC1 /* FlowCollectionViewController.m in Sources */,
				B07D74781DDE589800ADCCC1 /* CoverFlowLayout.m in Sources */,
				B07D747B1DDE5FFB00ADCCC1 /* ImageCollectionViewCell.m in Sources */,
				B07D745D1DDE565600ADCCC1 /* AppDelegate.m in Sources */,
				B07D745A1DDE565600ADCCC1 /* main.m in Sources */,
			);
			runOnlyForDeploymentPostprocessing = 0;
		};
/* End PBXSourcesBuildPhase section */

/* Begin PBXVariantGroup section */
		B07D74611DDE565600ADCCC1 /* Main.storyboard */ = {
			isa = PBXVariantGroup;
			children = (
				B07D74621DDE565600ADCCC1 /* Base */,
			);
			name = Main.storyboard;
			sourceTree = "<group>";
		};
		B07D74661DDE565600ADCCC1 /* LaunchScreen.storyboard */ = {
			isa = PBXVariantGroup;
			children = (
				B07D74671DDE565600ADCCC1 /* Base */,
			);
			name = LaunchScreen.storyboard;
			sourceTree = "<group>";
		};
/* End PBXVariantGroup section */

/* Begin XCBuildConfiguration section */
		B07D746A1DDE565600ADCCC1 /* Debug */ = {
			isa = XCBuildConfiguration;
			buildSettings = {
				ALWAYS_SEARCH_USER_PATHS = NO;
				CLANG_ANALYZER_NONNULL = YES;
				CLANG_CXX_LANGUAGE_STANDARD = "gnu++0x";
				CLANG_CXX_LIBRARY = "libc++";
				CLANG_ENABLE_MODULES = YES;
				CLANG_ENABLE_OBJC_ARC = YES;
				CLANG_WARN_BOOL_CONVERSION = YES;
				CLANG_WARN_CONSTANT_CONVERSION = YES;
				CLANG_WARN_DIRECT_OBJC_ISA_USAGE = YES_ERROR;
				CLANG_WARN_DOCUMENTATION_COMMENTS = YES;
				CLANG_WARN_EMPTY_BODY = YES;
				CLANG_WARN_ENUM_CONVERSION = YES;
				CLANG_WARN_INFINITE_RECURSION = YES;
				CLANG_WARN_INT_CONVERSION = YES;
				CLANG_WARN_OBJC_ROOT_CLASS = YES_ERROR;
				CLANG_WARN_SUSPICIOUS_MOVES = YES;
				CLANG_WARN_UNREACHABLE_CODE = YES;
				CLANG_WARN__DUPLICATE_METHOD_MATCH = YES;
				"CODE_SIGN_IDENTITY[sdk=iphoneos*]" = "iPhone Developer";
				COPY_PHASE_STRIP = NO;
				DEBUG_INFORMATION_FORMAT = dwarf;
				ENABLE_STRICT_OBJC_MSGSEND = YES;
				ENABLE_TESTABILITY = YES;
				GCC_C_LANGUAGE_STANDARD = gnu99;
				GCC_DYNAMIC_NO_PIC = NO;
				GCC_NO_COMMON_BLOCKS = YES;
				GCC_OPTIMIZATION_LEVEL = 0;
				GCC_PREPROCESSOR_DEFINITIONS = (
					"DEBUG=1",
					"$(inherited)",
				);
				GCC_WARN_64_TO_32_BIT_CONVERSION = YES;
				GCC_WARN_ABOUT_RETURN_TYPE = YES_ERROR;
				GCC_WARN_UNDECLARED_SELECTOR = YES;
				GCC_WARN_UNINITIALIZED_AUTOS = YES_AGGRESSIVE;
				GCC_WARN_UNUSED_FUNCTION = YES;
				GCC_WARN_UNUSED_VARIABLE = YES;
				IPHONEOS_DEPLOYMENT_TARGET = 10.0;
				MTL_ENABLE_DEBUG_INFO = YES;
				ONLY_ACTIVE_ARCH = YES;
				SDKROOT = iphoneos;
				TARGETED_DEVICE_FAMILY = "1,2";
			};
			name = Debug;
		};
		B07D746B1DDE565600ADCCC1 /* Release */ = {
			isa = XCBuildConfiguration;
			buildSettings = {
				ALWAYS_SEARCH_USER_PATHS = NO;
				CLANG_ANALYZER_NONNULL = YES;
				CLANG_CXX_LANGUAGE_STANDARD = "gnu++0x";
				CLANG_CXX_LIBRARY = "libc++";
				CLANG_ENABLE_MODULES = YES;
				CLANG_ENABLE_OBJC_ARC = YES;
				CLANG_WARN_BOOL_CONVERSION = YES;
				CLANG_WARN_CONSTANT_CONVERSION = YES;
				CLANG_WARN_DIRECT_OBJC_ISA_USAGE = YES_ERROR;
				CLANG_WARN_DOCUMENTATION_COMMENTS = YES;
				CLANG_WARN_EMPTY_BODY = YES;
				CLANG_WARN_ENUM_CONVERSION = YES;
				CLANG_WARN_INFINITE_RECURSION = YES;
				CLANG_WARN_INT_CONVERSION = YES;
				CLANG_WARN_OBJC_ROOT_CLASS = YES_ERROR;
				CLANG_WARN_SUSPICIOUS_MOVES = YES;
				CLANG_WARN_UNREACHABLE_CODE = YES;
				CLANG_WARN__DUPLICATE_METHOD_MATCH = YES;
				"CODE_SIGN_IDENTITY[sdk=iphoneos*]" = "iPhone Developer";
				COPY_PHASE_STRIP = NO;
				DEBUG_INFORMATION_FORMAT = "dwarf-with-dsym";
				ENABLE_NS_ASSERTIONS = NO;
				ENABLE_STRICT_OBJC_MSGSEND = YES;
				GCC_C_LANGUAGE_STANDARD = gnu99;
				GCC_NO_COMMON_BLOCKS = YES;
				GCC_WARN_64_TO_32_BIT_CONVERSION = YES;
				GCC_WARN_ABOUT_RETURN_TYPE = YES_ERROR;
				GCC_WARN_UNDECLARED_SELECTOR = YES;
				GCC_WARN_UNINITIALIZED_AUTOS = YES_AGGRESSIVE;
				GCC_WARN_UNUSED_FUNCTION = YES;
				GCC_WARN_UNUSED_VARIABLE = YES;
				IPHONEOS_DEPLOYMENT_TARGET = 10.0;
				MTL_ENABLE_DEBUG_INFO = NO;
				SDKROOT = iphoneos;
				TARGETED_DEVICE_FAMILY = "1,2";
				VALIDATE_PRODUCT = YES;
			};
			name = Release;
		};
		B07D746D1DDE565600ADCCC1 /* Debug */ = {
			isa = XCBuildConfiguration;
			buildSettings = {
				ASSETCATALOG_COMPILER_APPICON_NAME = AppIcon;
				INFOPLIST_FILE = CoverFlowLayout/Info.plist;
				LD_RUNPATH_SEARCH_PATHS = "$(inherited) @executable_path/Frameworks";
				PRODUCT_BUNDLE_IDENTIFIER = com.timbeals.CoverFlowLayout;
				PRODUCT_NAME = "$(TARGET_NAME)";
			};
			name = Debug;
		};
		B07D746E1DDE565600ADCCC1 /* Release */ = {
			isa = XCBuildConfiguration;
			buildSettings = {
				ASSETCATALOG_COMPILER_APPICON_NAME = AppIcon;
				INFOPLIST_FILE = CoverFlowLayout/Info.plist;
				LD_RUNPATH_SEARCH_PATHS = "$(inherited) @executable_path/Frameworks";
				PRODUCT_BUNDLE_IDENTIFIER = com.timbeals.CoverFlowLayout;
				PRODUCT_NAME = "$(TARGET_NAME)";
			};
			name = Release;
		};
/* End XCBuildConfiguration section */

/* Begin XCConfigurationList section */
		B07D74501DDE565600ADCCC1 /* Build configuration list for PBXProject "CoverFlowLayout" */ = {
			isa = XCConfigurationList;
			buildConfigurations = (
				B07D746A1DDE565600ADCCC1 /* Debug */,
				B07D746B1DDE565600ADCCC1 /* Release */,
			);
			defaultConfigurationIsVisible = 0;
			defaultConfigurationName = Release;
		};
		B07D746C1DDE565600ADCCC1 /* Build configuration list for PBXNativeTarget "CoverFlowLayout" */ = {
			isa = XCConfigurationList;
			buildConfigurations = (
				B07D746D1DDE565600ADCCC1 /* Debug */,
				B07D746E1DDE565600ADCCC1 /* Release */,
			);
			defaultConfigurationIsVisible = 0;
		};
/* End XCConfigurationList section */
	};
	rootObject = B07D744D1DDE565600ADCCC1 /* Project object */;
}
